
Microsoft Visual Studio Solution File, Format Version 12.00
# Visual Studio Version 17
VisualStudioVersion = 17.0.31903.59
MinimumVisualStudioVersion = 10.0.40219.1
Project("{FAE04EC0-301F-11D3-BF4B-00C04F79EFBC}") = "MoneyExtension", "MoneyExtension\MoneyExtension.csproj", "{FF31778A-390B-48B5-8B8A-E67F887042DA}"
EndProject
Project("{FAE04EC0-301F-11D3-BF4B-00C04F79EFBC}") = "MoneyExtension.Tests", "MoneyExtension.Tests\MoneyExtension.Tests.csproj", "{B7E3BACD-59E0-4645-B80E-152BBCBD38CE}"
EndProject
Global
	GlobalSection(SolutionConfigurationPlatforms) = preSolution
		Debug|Any CPU = Debug|Any CPU
		Release|Any CPU = Release|Any CPU
	EndGlobalSection
	GlobalSection(SolutionProperties) = preSolution
		HideSolutionNode = FALSE
	EndGlobalSection
	GlobalSection(ProjectConfigurationPlatforms) = postSolution
		{FF31778A-390B-48B5-8B8A-E67F887042DA}.Debug|Any CPU.ActiveCfg = Debug|Any CPU
		{FF31778A-390B-48B5-8B8A-E67F887042DA}.Debug|Any CPU.Build.0 = Debug|Any CPU
		{FF31778A-390B-48B5-8B8A-E67F887042DA}.Release|Any CPU.ActiveCfg = Release|Any CPU
		{FF31778A-390B-48B5-8B8A-E67F887042DA}.Release|Any CPU.Build.0 = Release|Any CPU
		{B7E3BACD-59E0-4645-B80E-152BBCBD38CE}.Debug|Any CPU.ActiveCfg = Debug|Any CPU
		{B7E3BACD-59E0-4645-B80E-152BBCBD38CE}.Debug|Any CPU.Build.0 = Debug|Any CPU
		{B7E3BACD-59E0-4645-B80E-152BBCBD38CE}.Release|Any CPU.ActiveCfg = Release|Any CPU
		{B7E3BACD-59E0-4645-B80E-152BBCBD38CE}.Release|Any CPU.Build.0 = Release|Any CPU
	EndGlobalSection
EndGlobal
